
Microsoft Visual Studio Solution File, Format Version 12.00
# Visual Studio Version 16
VisualStudioVersion = 16.0.29806.167
MinimumVisualStudioVersion = 10.0.40219.1
Project("{FAE04EC0-301F-11D3-BF4B-00C04F79EFBC}") = "MyWebApp", "MyWebApp.csproj", "{6FFED0B7-E13E-4E22-B518-113F9C812CAC}"
EndProject
Global
	GlobalSection(SolutionConfigurationPlatforms) = preSolution
		Debug|Any CPU = Debug|Any CPU
		Release|Any CPU = Release|Any CPU
	EndGlobalSection
	GlobalSection(ProjectConfigurationPlatforms) = postSolution
		{6FFED0B7-E13E-4E22-B518-113F9C812CAC}.Debug|Any CPU.ActiveCfg = Debug|Any CPU
		{6FFED0B7-E13E-4E22-B518-113F9C812CAC}.Debug|Any CPU.Build.0 = Debug|Any CPU
		{6FFED0B7-E13E-4E22-B518-113F9C812CAC}.Release|Any CPU.ActiveCfg = Release|Any CPU
		{6FFED0B7-E13E-4E22-B518-113F9C812CAC}.Release|Any CPU.Build.0 = Release|Any CPU
	EndGlobalSection
	GlobalSection(SolutionProperties) = preSolution
		HideSolutionNode = FALSE
	EndGlobalSection
	GlobalSection(ExtensibilityGlobals) = postSolution
		SolutionGuid = {5B0B7209-BF83-4B88-9576-100D1263F6DE}
	EndGlobalSection
EndGlobal
