
Microsoft Visual Studio Solution File, Format Version 12.00
# Visual Studio Version 16
VisualStudioVersion = 16.0.29424.173
MinimumVisualStudioVersion = 10.0.40219.1
Project("{FAE04EC0-301F-11D3-BF4B-00C04F79EFBC}") = "DBTest1", "DBTest1.csproj", "{3008086D-9BB2-4697-89CC-F1A6E4B90B86}"
EndProject
Global
	GlobalSection(SolutionConfigurationPlatforms) = preSolution
		Debug|Any CPU = Debug|Any CPU
		Release|Any CPU = Release|Any CPU
	EndGlobalSection
	GlobalSection(ProjectConfigurationPlatforms) = postSolution
		{3008086D-9BB2-4697-89CC-F1A6E4B90B86}.Debug|Any CPU.ActiveCfg = Debug|Any CPU
		{3008086D-9BB2-4697-89CC-F1A6E4B90B86}.Debug|Any CPU.Build.0 = Debug|Any CPU
		{3008086D-9BB2-4697-89CC-F1A6E4B90B86}.Release|Any CPU.ActiveCfg = Release|Any CPU
		{3008086D-9BB2-4697-89CC-F1A6E4B90B86}.Release|Any CPU.Build.0 = Release|Any CPU
	EndGlobalSection
	GlobalSection(SolutionProperties) = preSolution
		HideSolutionNode = FALSE
	EndGlobalSection
	GlobalSection(ExtensibilityGlobals) = postSolution
		SolutionGuid = {F18C5A0F-C8EB-4011-B971-640492EE7700}
	EndGlobalSection
EndGlobal
